
Microsoft Visual Studio Solution File, Format Version 12.00
# Visual Studio Version 17
VisualStudioVersion = 17.0.32112.339
MinimumVisualStudioVersion = 10.0.40219.1
Project("{FAE04EC0-301F-11D3-BF4B-00C04F79EFBC}") = "celsiusToFahrenheit", "celsiusToFahrenheit\celsiusToFahrenheit.csproj", "{A135F4CD-DC48-4849-88BF-1225E47FDED7}"
EndProject
Global
	GlobalSection(SolutionConfigurationPlatforms) = preSolution
		Debug|Any CPU = Debug|Any CPU
		Release|Any CPU = Release|Any CPU
	EndGlobalSection
	GlobalSection(ProjectConfigurationPlatforms) = postSolution
		{A135F4CD-DC48-4849-88BF-1225E47FDED7}.Debug|Any CPU.ActiveCfg = Debug|Any CPU
		{A135F4CD-DC48-4849-88BF-1225E47FDED7}.Debug|Any CPU.Build.0 = Debug|Any CPU
		{A135F4CD-DC48-4849-88BF-1225E47FDED7}.Release|Any CPU.ActiveCfg = Release|Any CPU
		{A135F4CD-DC48-4849-88BF-1225E47FDED7}.Release|Any CPU.Build.0 = Release|Any CPU
	EndGlobalSection
	GlobalSection(SolutionProperties) = preSolution
		HideSolutionNode = FALSE
	EndGlobalSection
	GlobalSection(ExtensibilityGlobals) = postSolution
		SolutionGuid = {43EA15FA-2D20-4777-AC7D-94F75DFC2CCE}
	EndGlobalSection
EndGlobal
